{
  "name": "react-native-vexflow-canvas",
  "version": "1.0.8",
  "lockfileVersion": 2,
  "requires": true,
  "packages": {
    "": {
      "name": "react-native-vexflow-canvas",
      "version": "1.0.8",
      "license": "ISC",
      "dependencies": {
        "vexflow": "^4.0.3"
      }
    },
    "node_modules/vexflow": {
      "version": "4.0.3",
      "resolved": "https://registry.npmjs.org/vexflow/-/vexflow-4.0.3.tgz",
      "integrity": "sha512-0gucH04apVISxY86gnjKwzV8IMr7ndYsBmYCOPioCr0m38NfS4rQt7yrGQQtl1jB7JAiaOCjN0lKMUflFeMIXA=="
    }
  },
  "dependencies": {
    "vexflow": {
      "version": "4.0.3",
      "resolved": "https://registry.npmjs.org/vexflow/-/vexflow-4.0.3.tgz",
      "integrity": "sha512-0gucH04apVISxY86gnjKwzV8IMr7ndYsBmYCOPioCr0m38NfS4rQt7yrGQQtl1jB7JAiaOCjN0lKMUflFeMIXA=="
    }
  }
}
